
Microsoft Visual Studio Solution File, Format Version 12.00
# Visual Studio Version 16
VisualStudioVersion = 16.0.29806.167
MinimumVisualStudioVersion = 10.0.40219.1
Project("{FAE04EC0-301F-11D3-BF4B-00C04F79EFBC}") = "CrosshairOverlay", "CrosshairOverlay.csproj", "{5D376E21-2662-4380-BA86-F64A405DFB09}"
EndProject
Global
	GlobalSection(SolutionConfigurationPlatforms) = preSolution
		Debug|Any CPU = Debug|Any CPU
		Release|Any CPU = Release|Any CPU
	EndGlobalSection
	GlobalSection(ProjectConfigurationPlatforms) = postSolution
		{5D376E21-2662-4380-BA86-F64A405DFB09}.Debug|Any CPU.ActiveCfg = Debug|Any CPU
		{5D376E21-2662-4380-BA86-F64A405DFB09}.Debug|Any CPU.Build.0 = Debug|Any CPU
		{5D376E21-2662-4380-BA86-F64A405DFB09}.Release|Any CPU.ActiveCfg = Release|Any CPU
		{5D376E21-2662-4380-BA86-F64A405DFB09}.Release|Any CPU.Build.0 = Release|Any CPU
	EndGlobalSection
	GlobalSection(SolutionProperties) = preSolution
		HideSolutionNode = FALSE
	EndGlobalSection
	GlobalSection(ExtensibilityGlobals) = postSolution
		SolutionGuid = {667F44BC-10AD-4265-9BB2-62F1C80D8CD0}
	EndGlobalSection
EndGlobal
